
Microsoft Visual Studio Solution File, Format Version 12.00
# Visual Studio Version 16
VisualStudioVersion = 16.0.30011.22
MinimumVisualStudioVersion = 10.0.40219.1
Project("{9A19103F-16F7-4668-BE54-9A1E7A4F7556}") = "lesson.01.cs", "lesson.01.cs\lesson.01.cs.csproj", "{2E451E2C-2383-4D1B-BC7D-3D349498D31D}"
EndProject
Project("{FAE04EC0-301F-11D3-BF4B-00C04F79EFBC}") = "lesson.02.cs", "lesson.02.cs\lesson.02.cs.csproj", "{FF6E45CF-42AF-45D4-9F12-CDDEC0A15B8D}"
EndProject
Global
	GlobalSection(SolutionConfigurationPlatforms) = preSolution
		Debug|Any CPU = Debug|Any CPU
		Debug|x64 = Debug|x64
		Debug|x86 = Debug|x86
		Release|Any CPU = Release|Any CPU
		Release|x64 = Release|x64
		Release|x86 = Release|x86
	EndGlobalSection
	GlobalSection(ProjectConfigurationPlatforms) = postSolution
		{2E451E2C-2383-4D1B-BC7D-3D349498D31D}.Debug|Any CPU.ActiveCfg = Debug|Any CPU
		{2E451E2C-2383-4D1B-BC7D-3D349498D31D}.Debug|Any CPU.Build.0 = Debug|Any CPU
		{2E451E2C-2383-4D1B-BC7D-3D349498D31D}.Debug|x64.ActiveCfg = Debug|Any CPU
		{2E451E2C-2383-4D1B-BC7D-3D349498D31D}.Debug|x64.Build.0 = Debug|Any CPU
		{2E451E2C-2383-4D1B-BC7D-3D349498D31D}.Debug|x86.ActiveCfg = Debug|Any CPU
		{2E451E2C-2383-4D1B-BC7D-3D349498D31D}.Debug|x86.Build.0 = Debug|Any CPU
		{2E451E2C-2383-4D1B-BC7D-3D349498D31D}.Release|Any CPU.ActiveCfg = Release|Any CPU
		{2E451E2C-2383-4D1B-BC7D-3D349498D31D}.Release|Any CPU.Build.0 = Release|Any CPU
		{2E451E2C-2383-4D1B-BC7D-3D349498D31D}.Release|x64.ActiveCfg = Release|Any CPU
		{2E451E2C-2383-4D1B-BC7D-3D349498D31D}.Release|x64.Build.0 = Release|Any CPU
		{2E451E2C-2383-4D1B-BC7D-3D349498D31D}.Release|x86.ActiveCfg = Release|Any CPU
		{2E451E2C-2383-4D1B-BC7D-3D349498D31D}.Release|x86.Build.0 = Release|Any CPU
		{FF6E45CF-42AF-45D4-9F12-CDDEC0A15B8D}.Debug|Any CPU.ActiveCfg = Debug|Any CPU
		{FF6E45CF-42AF-45D4-9F12-CDDEC0A15B8D}.Debug|Any CPU.Build.0 = Debug|Any CPU
		{FF6E45CF-42AF-45D4-9F12-CDDEC0A15B8D}.Debug|x64.ActiveCfg = Debug|Any CPU
		{FF6E45CF-42AF-45D4-9F12-CDDEC0A15B8D}.Debug|x64.Build.0 = Debug|Any CPU
		{FF6E45CF-42AF-45D4-9F12-CDDEC0A15B8D}.Debug|x86.ActiveCfg = Debug|Any CPU
		{FF6E45CF-42AF-45D4-9F12-CDDEC0A15B8D}.Debug|x86.Build.0 = Debug|Any CPU
		{FF6E45CF-42AF-45D4-9F12-CDDEC0A15B8D}.Release|Any CPU.ActiveCfg = Release|Any CPU
		{FF6E45CF-42AF-45D4-9F12-CDDEC0A15B8D}.Release|Any CPU.Build.0 = Release|Any CPU
		{FF6E45CF-42AF-45D4-9F12-CDDEC0A15B8D}.Release|x64.ActiveCfg = Release|Any CPU
		{FF6E45CF-42AF-45D4-9F12-CDDEC0A15B8D}.Release|x64.Build.0 = Release|Any CPU
		{FF6E45CF-42AF-45D4-9F12-CDDEC0A15B8D}.Release|x86.ActiveCfg = Release|Any CPU
		{FF6E45CF-42AF-45D4-9F12-CDDEC0A15B8D}.Release|x86.Build.0 = Release|Any CPU
	EndGlobalSection
	GlobalSection(SolutionProperties) = preSolution
		HideSolutionNode = FALSE
	EndGlobalSection
	GlobalSection(ExtensibilityGlobals) = postSolution
		SolutionGuid = {347B8B0D-1D38-4973-92E8-BFEDA6713CD2}
	EndGlobalSection
EndGlobal
